
Microsoft Visual Studio Solution File, Format Version 12.00
# Visual Studio Version 17
VisualStudioVersion = 17.5.33424.131
MinimumVisualStudioVersion = 10.0.40219.1
Project("{FAE04EC0-301F-11D3-BF4B-00C04F79EFBC}") = "Elmeya_Soft", "Elmeya_Soft\Elmeya_Soft.csproj", "{CA30652F-03A3-45EA-9576-6B8DD0FC56EF}"
EndProject
Global
	GlobalSection(SolutionConfigurationPlatforms) = preSolution
		Debug|Any CPU = Debug|Any CPU
		Release|Any CPU = Release|Any CPU
	EndGlobalSection
	GlobalSection(ProjectConfigurationPlatforms) = postSolution
		{CA30652F-03A3-45EA-9576-6B8DD0FC56EF}.Debug|Any CPU.ActiveCfg = Debug|Any CPU
		{CA30652F-03A3-45EA-9576-6B8DD0FC56EF}.Debug|Any CPU.Build.0 = Debug|Any CPU
		{CA30652F-03A3-45EA-9576-6B8DD0FC56EF}.Release|Any CPU.ActiveCfg = Release|Any CPU
		{CA30652F-03A3-45EA-9576-6B8DD0FC56EF}.Release|Any CPU.Build.0 = Release|Any CPU
	EndGlobalSection
	GlobalSection(SolutionProperties) = preSolution
		HideSolutionNode = FALSE
	EndGlobalSection
	GlobalSection(ExtensibilityGlobals) = postSolution
		SolutionGuid = {36065C96-3E8B-4E88-A770-629EEC2AE7A2}
	EndGlobalSection
EndGlobal
